PODS:
  - Flutter (1.0.0)
  - user_notifications (0.0.1):
    - Flutter

DEPENDENCIES:
  - Flutter (from `Flutter`)
  - user_notifications (from `.symlinks/plugins/user_notifications/ios`)

EXTERNAL SOURCES:
  Flutter:
    :path: Flutter
  user_notifications:
    :path: ".symlinks/plugins/user_notifications/ios"

SPEC CHECKSUMS:
  Flutter: f04841e97a9d0b0a8025694d0796dd46242b2854
  user_notifications: 4b68834f2795288e5ce656e81b515db89270307a

PODFILE CHECKSUM: ef19549a9bc3046e7bb7d2fab4d021637c0c58a3

COCOAPODS: 1.11.3
